{
  "name": "refactoring-browsers",
  "version": "0.1.0",
  "lockfileVersion": 1,
  "requires": true,
  "dependencies": {
    "talk-o-vision": {
      "version": "github:thirstyhead/talk-o-vision#f18af69ac2b19c396f8bc8b4d3d339c0f5bf8bb0",
      "from": "github:thirstyhead/talk-o-vision"
    }
  }
}
